
Microsoft Visual Studio Solution File, Format Version 12.00
# Visual Studio Version 16
VisualStudioVersion = 16.0.29503.13
MinimumVisualStudioVersion = 10.0.40219.1
Project("{8BC9CEB8-8B4A-11D0-8D11-00A0C91BC942}") = "VrmlScriptCompiler", "VrmlScriptCompiler\VrmlScriptCompiler.vcxproj", "{13AF594C-4D9A-46E5-B8C0-27B287CDC8A9}"
EndProject
Project("{8BC9CEB8-8B4A-11D0-8D11-00A0C91BC942}") = "CppConsoleTestBench", "CppConsoleTestBench\CppConsoleTestBench.vcxproj", "{7BEDBE46-13AD-4282-9337-EEE1FA82AF68}"
EndProject
Project("{8BC9CEB8-8B4A-11D0-8D11-00A0C91BC942}") = "StackMachine", "..\..\..\Users\christian.goebeler\source\repos\VrmlScriptCompiler\StackMachine\ConsoleApplication1.vcxproj", "{2EF2034F-369A-41F0-BA28-26663CDB35AB}"
EndProject
Global
	GlobalSection(SolutionConfigurationPlatforms) = preSolution
		Debug|x64 = Debug|x64
		Debug|x86 = Debug|x86
		Release|x64 = Release|x64
		Release|x86 = Release|x86
	EndGlobalSection
	GlobalSection(ProjectConfigurationPlatforms) = postSolution
		{13AF594C-4D9A-46E5-B8C0-27B287CDC8A9}.Debug|x64.ActiveCfg = Debug|x64
		{13AF594C-4D9A-46E5-B8C0-27B287CDC8A9}.Debug|x64.Build.0 = Debug|x64
		{13AF594C-4D9A-46E5-B8C0-27B287CDC8A9}.Debug|x86.ActiveCfg = Debug|Win32
		{13AF594C-4D9A-46E5-B8C0-27B287CDC8A9}.Debug|x86.Build.0 = Debug|Win32
		{13AF594C-4D9A-46E5-B8C0-27B287CDC8A9}.Release|x64.ActiveCfg = Release|x64
		{13AF594C-4D9A-46E5-B8C0-27B287CDC8A9}.Release|x64.Build.0 = Release|x64
		{13AF594C-4D9A-46E5-B8C0-27B287CDC8A9}.Release|x86.ActiveCfg = Release|Win32
		{13AF594C-4D9A-46E5-B8C0-27B287CDC8A9}.Release|x86.Build.0 = Release|Win32
		{7BEDBE46-13AD-4282-9337-EEE1FA82AF68}.Debug|x64.ActiveCfg = Debug|x64
		{7BEDBE46-13AD-4282-9337-EEE1FA82AF68}.Debug|x64.Build.0 = Debug|x64
		{7BEDBE46-13AD-4282-9337-EEE1FA82AF68}.Debug|x86.ActiveCfg = Debug|Win32
		{7BEDBE46-13AD-4282-9337-EEE1FA82AF68}.Debug|x86.Build.0 = Debug|Win32
		{7BEDBE46-13AD-4282-9337-EEE1FA82AF68}.Release|x64.ActiveCfg = Release|x64
		{7BEDBE46-13AD-4282-9337-EEE1FA82AF68}.Release|x64.Build.0 = Release|x64
		{7BEDBE46-13AD-4282-9337-EEE1FA82AF68}.Release|x86.ActiveCfg = Release|Win32
		{7BEDBE46-13AD-4282-9337-EEE1FA82AF68}.Release|x86.Build.0 = Release|Win32
		{2EF2034F-369A-41F0-BA28-26663CDB35AB}.Debug|x64.ActiveCfg = Debug|x64
		{2EF2034F-369A-41F0-BA28-26663CDB35AB}.Debug|x64.Build.0 = Debug|x64
		{2EF2034F-369A-41F0-BA28-26663CDB35AB}.Debug|x86.ActiveCfg = Debug|Win32
		{2EF2034F-369A-41F0-BA28-26663CDB35AB}.Debug|x86.Build.0 = Debug|Win32
		{2EF2034F-369A-41F0-BA28-26663CDB35AB}.Release|x64.ActiveCfg = Release|x64
		{2EF2034F-369A-41F0-BA28-26663CDB35AB}.Release|x64.Build.0 = Release|x64
		{2EF2034F-369A-41F0-BA28-26663CDB35AB}.Release|x86.ActiveCfg = Release|Win32
		{2EF2034F-369A-41F0-BA28-26663CDB35AB}.Release|x86.Build.0 = Release|Win32
	EndGlobalSection
	GlobalSection(SolutionProperties) = preSolution
		HideSolutionNode = FALSE
	EndGlobalSection
	GlobalSection(ExtensibilityGlobals) = postSolution
		SolutionGuid = {BF0DF4BF-2533-4FAE-9224-FE7CFE123D16}
	EndGlobalSection
EndGlobal
